
Microsoft Visual Studio Solution File, Format Version 12.00
# Visual Studio Version 17
VisualStudioVersion = 17.9.34723.18
MinimumVisualStudioVersion = 10.0.40219.1
Project("{FAE04EC0-301F-11D3-BF4B-00C04F79EFBC}") = "WindowsApp1_BRINGCOLA", "WindowsApp1_BRINGCOLA\WindowsApp1_BRINGCOLA.csproj", "{DFE0A9A2-946E-4FCB-A1DA-F473B559B87C}"
EndProject
Global
	GlobalSection(SolutionConfigurationPlatforms) = preSolution
		Debug|Any CPU = Debug|Any CPU
		Release|Any CPU = Release|Any CPU
	EndGlobalSection
	GlobalSection(ProjectConfigurationPlatforms) = postSolution
		{DFE0A9A2-946E-4FCB-A1DA-F473B559B87C}.Debug|Any CPU.ActiveCfg = Debug|Any CPU
		{DFE0A9A2-946E-4FCB-A1DA-F473B559B87C}.Debug|Any CPU.Build.0 = Debug|Any CPU
		{DFE0A9A2-946E-4FCB-A1DA-F473B559B87C}.Release|Any CPU.ActiveCfg = Release|Any CPU
		{DFE0A9A2-946E-4FCB-A1DA-F473B559B87C}.Release|Any CPU.Build.0 = Release|Any CPU
	EndGlobalSection
	GlobalSection(SolutionProperties) = preSolution
		HideSolutionNode = FALSE
	EndGlobalSection
	GlobalSection(ExtensibilityGlobals) = postSolution
		SolutionGuid = {FCB7622A-A5D2-45FD-8A2F-A3F7604692B9}
	EndGlobalSection
EndGlobal
